lockfileVersion: '9.0'

settings:
  autoInstallPeers: true
  excludeLinksFromLockfile: false

importers:
  .:
    devDependencies:
      "@types/node":
        specifier: "^22.10.2"
        version: "^22.10.2"
      "concurrently":
        specifier: "^9.1.0"
        version: "^9.1.0"
      "eslint":
        specifier: "^8.57.1"
        version: "^8.57.1"
      "eslint-config-prettier":
        specifier: "^9.1.0"
        version: "^9.1.0"
      "prettier":
        specifier: "^3.4.2"
        version: "^3.4.2"
      "typescript":
        specifier: "^5.7.2"
        version: "^5.7.2"
  apps/api:
    dependencies:
      "@ads/db":
        specifier: "workspace:*"
        version: "link:../../packages/db"
      "dotenv":
        specifier: "^16.4.7"
        version: "^16.4.7"
      "fastify":
        specifier: "^5.2.1"
        version: "^5.2.1"
      "pino":
        specifier: "^9.5.0"
        version: "^9.5.0"
      "pino-pretty":
        specifier: "^13.0.0"
        version: "^13.0.0"
      "zod":
        specifier: "^3.24.1"
        version: "^3.24.1"
    devDependencies:
      "@types/node":
        specifier: "^22.10.2"
        version: "^22.10.2"
      "prisma":
        specifier: "^6.1.0"
        version: "^6.1.0"
      "tsup":
        specifier: "^8.3.5"
        version: "^8.3.5"
      "tsx":
        specifier: "^4.19.2"
        version: "^4.19.2"
      "typescript":
        specifier: "^5.7.2"
        version: "^5.7.2"
  apps/web:
    dependencies:
      "class-variance-authority":
        specifier: "^0.7.1"
        version: "^0.7.1"
      "clsx":
        specifier: "^2.1.1"
        version: "^2.1.1"
      "lucide-react":
        specifier: "^0.468.0"
        version: "^0.468.0"
      "next":
        specifier: "^15.0.4"
        version: "^15.0.4"
      "react":
        specifier: "^19.0.0"
        version: "^19.0.0"
      "react-dom":
        specifier: "^19.0.0"
        version: "^19.0.0"
      "tailwind-merge":
        specifier: "^2.6.0"
        version: "^2.6.0"
    devDependencies:
      "@types/node":
        specifier: "^22.10.2"
        version: "^22.10.2"
      "@types/react":
        specifier: "^19.0.2"
        version: "^19.0.2"
      "@types/react-dom":
        specifier: "^19.0.2"
        version: "^19.0.2"
      "autoprefixer":
        specifier: "^10.4.20"
        version: "^10.4.20"
      "postcss":
        specifier: "^8.4.49"
        version: "^8.4.49"
      "tailwindcss":
        specifier: "^3.4.16"
        version: "^3.4.16"
      "typescript":
        specifier: "^5.7.2"
        version: "^5.7.2"
      "eslint-config-next":
        specifier: "^15.0.4"
        version: "^15.0.4"
  apps/worker:
    dependencies:
      "@ads/shared":
        specifier: "workspace:*"
        version: "link:../../packages/shared"
      "bullmq":
        specifier: "^5.34.4"
        version: "^5.34.4"
      "dotenv":
        specifier: "^16.4.7"
        version: "^16.4.7"
      "pino":
        specifier: "^9.5.0"
        version: "^9.5.0"
      "zod":
        specifier: "^3.24.1"
        version: "^3.24.1"
    devDependencies:
      "@types/node":
        specifier: "^22.10.2"
        version: "^22.10.2"
      "tsup":
        specifier: "^8.3.5"
        version: "^8.3.5"
      "tsx":
        specifier: "^4.19.2"
        version: "^4.19.2"
      "typescript":
        specifier: "^5.7.2"
        version: "^5.7.2"
  packages/db:
    dependencies:
      "@prisma/client":
        specifier: "^6.1.0"
        version: "^6.1.0"
    devDependencies:
      "@types/node":
        specifier: "^22.10.2"
        version: "^22.10.2"
      "prisma":
        specifier: "^6.1.0"
        version: "^6.1.0"
      "typescript":
        specifier: "^5.7.2"
        version: "^5.7.2"
  packages/shared:
    dependencies:
      "zod":
        specifier: "^3.24.1"
        version: "^3.24.1"
    devDependencies:
      "typescript":
        specifier: "^5.7.2"
        version: "^5.7.2"
